
Microsoft Visual Studio Solution File, Format Version 12.00
# Visual Studio Version 16
VisualStudioVersion = 16.0.31005.135
MinimumVisualStudioVersion = 10.0.40219.1
Project("{FAE04EC0-301F-11D3-BF4B-00C04F79EFBC}") = "BPickLock", "BPickLock\BPickLock.csproj", "{D346C21D-6239-4267-A382-8D1767A08470}"
EndProject
Global
	GlobalSection(SolutionConfigurationPlatforms) = preSolution
		Debug|Any CPU = Debug|Any CPU
		Release|Any CPU = Release|Any CPU
	EndGlobalSection
	GlobalSection(ProjectConfigurationPlatforms) = postSolution
		{D346C21D-6239-4267-A382-8D1767A08470}.Debug|Any CPU.ActiveCfg = Debug|Any CPU
		{D346C21D-6239-4267-A382-8D1767A08470}.Debug|Any CPU.Build.0 = Debug|Any CPU
		{D346C21D-6239-4267-A382-8D1767A08470}.Release|Any CPU.ActiveCfg = Release|Any CPU
		{D346C21D-6239-4267-A382-8D1767A08470}.Release|Any CPU.Build.0 = Release|Any CPU
	EndGlobalSection
	GlobalSection(SolutionProperties) = preSolution
		HideSolutionNode = FALSE
	EndGlobalSection
	GlobalSection(ExtensibilityGlobals) = postSolution
		SolutionGuid = {D156898A-57C6-40B1-ADF1-0507C9DDA82F}
	EndGlobalSection
EndGlobal
